
Microsoft Visual Studio Solution File, Format Version 12.00
# Visual Studio 15
VisualStudioVersion = 15.0.34112.143
MinimumVisualStudioVersion = 10.0.40219.1
Project("{8BC9CEB8-8B4A-11D0-8D11-00A0C91BC942}") = "p18", "p18\p18.vcxproj", "{7A724D8D-CC7F-4B2F-9D6B-71CFB349E2BB}"
EndProject
Global
	GlobalSection(SolutionConfigurationPlatforms) = preSolution
		Debug|x64 = Debug|x64
		Debug|x86 = Debug|x86
		Release|x64 = Release|x64
		Release|x86 = Release|x86
	EndGlobalSection
	GlobalSection(ProjectConfigurationPlatforms) = postSolution
		{7A724D8D-CC7F-4B2F-9D6B-71CFB349E2BB}.Debug|x64.ActiveCfg = Debug|x64
		{7A724D8D-CC7F-4B2F-9D6B-71CFB349E2BB}.Debug|x64.Build.0 = Debug|x64
		{7A724D8D-CC7F-4B2F-9D6B-71CFB349E2BB}.Debug|x86.ActiveCfg = Debug|Win32
		{7A724D8D-CC7F-4B2F-9D6B-71CFB349E2BB}.Debug|x86.Build.0 = Debug|Win32
		{7A724D8D-CC7F-4B2F-9D6B-71CFB349E2BB}.Release|x64.ActiveCfg = Release|x64
		{7A724D8D-CC7F-4B2F-9D6B-71CFB349E2BB}.Release|x64.Build.0 = Release|x64
		{7A724D8D-CC7F-4B2F-9D6B-71CFB349E2BB}.Release|x86.ActiveCfg = Release|Win32
		{7A724D8D-CC7F-4B2F-9D6B-71CFB349E2BB}.Release|x86.Build.0 = Release|Win32
	EndGlobalSection
	GlobalSection(SolutionProperties) = preSolution
		HideSolutionNode = FALSE
	EndGlobalSection
	GlobalSection(ExtensibilityGlobals) = postSolution
		SolutionGuid = {5BA5B421-BD79-4318-8A7F-B2EBCA99250E}
	EndGlobalSection
EndGlobal
